
Microsoft Visual Studio Solution File, Format Version 12.00
# Visual Studio Version 16
VisualStudioVersion = 16.0.31515.178
MinimumVisualStudioVersion = 10.0.40219.1
Project("{FAE04EC0-301F-11D3-BF4B-00C04F79EFBC}") = "NorthWindAPI", "NorthWindAPI\NorthWindAPI.csproj", "{5EE1BE08-785D-49AA-A3F7-265B9BCDC7E8}"
EndProject
Global
	GlobalSection(SolutionConfigurationPlatforms) = preSolution
		Debug|Any CPU = Debug|Any CPU
		Release|Any CPU = Release|Any CPU
	EndGlobalSection
	GlobalSection(ProjectConfigurationPlatforms) = postSolution
		{5EE1BE08-785D-49AA-A3F7-265B9BCDC7E8}.Debug|Any CPU.ActiveCfg = Debug|Any CPU
		{5EE1BE08-785D-49AA-A3F7-265B9BCDC7E8}.Debug|Any CPU.Build.0 = Debug|Any CPU
		{5EE1BE08-785D-49AA-A3F7-265B9BCDC7E8}.Release|Any CPU.ActiveCfg = Release|Any CPU
		{5EE1BE08-785D-49AA-A3F7-265B9BCDC7E8}.Release|Any CPU.Build.0 = Release|Any CPU
	EndGlobalSection
	GlobalSection(SolutionProperties) = preSolution
		HideSolutionNode = FALSE
	EndGlobalSection
	GlobalSection(ExtensibilityGlobals) = postSolution
		SolutionGuid = {E7B2578F-DE4D-465A-A417-C8503D4292D8}
	EndGlobalSection
EndGlobal
